
Microsoft Visual Studio Solution File, Format Version 12.00
# Visual Studio Version 17
VisualStudioVersion = 17.10.34928.147
MinimumVisualStudioVersion = 10.0.40219.1
Project("{FAE04EC0-301F-11D3-BF4B-00C04F79EFBC}") = "ComputerStoreAPI", "ComputerStoreAPI\ComputerStoreAPI.csproj", "{6FC4CB57-C38C-4F8F-8A1C-A417A9B1A17D}"
EndProject
Global
	GlobalSection(SolutionConfigurationPlatforms) = preSolution
		Debug|Any CPU = Debug|Any CPU
		Release|Any CPU = Release|Any CPU
	EndGlobalSection
	GlobalSection(ProjectConfigurationPlatforms) = postSolution
		{6FC4CB57-C38C-4F8F-8A1C-A417A9B1A17D}.Debug|Any CPU.ActiveCfg = Debug|Any CPU
		{6FC4CB57-C38C-4F8F-8A1C-A417A9B1A17D}.Debug|Any CPU.Build.0 = Debug|Any CPU
		{6FC4CB57-C38C-4F8F-8A1C-A417A9B1A17D}.Release|Any CPU.ActiveCfg = Release|Any CPU
		{6FC4CB57-C38C-4F8F-8A1C-A417A9B1A17D}.Release|Any CPU.Build.0 = Release|Any CPU
	EndGlobalSection
	GlobalSection(SolutionProperties) = preSolution
		HideSolutionNode = FALSE
	EndGlobalSection
	GlobalSection(ExtensibilityGlobals) = postSolution
		SolutionGuid = {57F5D522-98B4-45FF-85D9-E5FDA09196AA}
	EndGlobalSection
EndGlobal
